
Microsoft Visual Studio Solution File, Format Version 12.00
# Visual Studio Version 16
VisualStudioVersion = 16.0.31321.278
MinimumVisualStudioVersion = 10.0.40219.1
Project("{FAE04EC0-301F-11D3-BF4B-00C04F79EFBC}") = "WindowsFormsApp8", "WindowsFormsApp8\WindowsFormsApp8.csproj", "{55E090C8-AFF3-45F4-9619-FC80F66294DA}"
EndProject
Global
	GlobalSection(SolutionConfigurationPlatforms) = preSolution
		Debug|Any CPU = Debug|Any CPU
		Release|Any CPU = Release|Any CPU
	EndGlobalSection
	GlobalSection(ProjectConfigurationPlatforms) = postSolution
		{55E090C8-AFF3-45F4-9619-FC80F66294DA}.Debug|Any CPU.ActiveCfg = Debug|Any CPU
		{55E090C8-AFF3-45F4-9619-FC80F66294DA}.Debug|Any CPU.Build.0 = Debug|Any CPU
		{55E090C8-AFF3-45F4-9619-FC80F66294DA}.Release|Any CPU.ActiveCfg = Release|Any CPU
		{55E090C8-AFF3-45F4-9619-FC80F66294DA}.Release|Any CPU.Build.0 = Release|Any CPU
	EndGlobalSection
	GlobalSection(SolutionProperties) = preSolution
		HideSolutionNode = FALSE
	EndGlobalSection
	GlobalSection(ExtensibilityGlobals) = postSolution
		SolutionGuid = {86E19AB2-221C-4598-A79E-F31C452C1D2B}
	EndGlobalSection
EndGlobal
